
Microsoft Visual Studio Solution File, Format Version 12.00
# Visual Studio Version 17
VisualStudioVersion = 17.4.33122.133
MinimumVisualStudioVersion = 10.0.40219.1
Project("{FAE04EC0-301F-11D3-BF4B-00C04F79EFBC}") = "concurrency_inCsharp", "concurrency_inCsharp.csproj", "{A25028EA-65BD-4DF8-A9CF-0E20BB6968FC}"
EndProject
Global
	GlobalSection(SolutionConfigurationPlatforms) = preSolution
		Debug|Any CPU = Debug|Any CPU
		Release|Any CPU = Release|Any CPU
	EndGlobalSection
	GlobalSection(ProjectConfigurationPlatforms) = postSolution
		{A25028EA-65BD-4DF8-A9CF-0E20BB6968FC}.Debug|Any CPU.ActiveCfg = Debug|Any CPU
		{A25028EA-65BD-4DF8-A9CF-0E20BB6968FC}.Debug|Any CPU.Build.0 = Debug|Any CPU
		{A25028EA-65BD-4DF8-A9CF-0E20BB6968FC}.Release|Any CPU.ActiveCfg = Release|Any CPU
		{A25028EA-65BD-4DF8-A9CF-0E20BB6968FC}.Release|Any CPU.Build.0 = Release|Any CPU
	EndGlobalSection
	GlobalSection(SolutionProperties) = preSolution
		HideSolutionNode = FALSE
	EndGlobalSection
	GlobalSection(ExtensibilityGlobals) = postSolution
		SolutionGuid = {4A662B11-2079-42E7-AFD0-2C7164E90A9C}
	EndGlobalSection
EndGlobal
